
Microsoft Visual Studio Solution File, Format Version 12.00
# Visual Studio Version 16
VisualStudioVersion = 16.0.31019.35
MinimumVisualStudioVersion = 10.0.40219.1
Project("{FAE04EC0-301F-11D3-BF4B-00C04F79EFBC}") = "Symmetry", "Symmetry\Symmetry.csproj", "{93BB4B88-29EB-41F6-B983-D8D64DDE58F7}"
EndProject
Global
	GlobalSection(SolutionConfigurationPlatforms) = preSolution
		Debug|Any CPU = Debug|Any CPU
		Release|Any CPU = Release|Any CPU
	EndGlobalSection
	GlobalSection(ProjectConfigurationPlatforms) = postSolution
		{93BB4B88-29EB-41F6-B983-D8D64DDE58F7}.Debug|Any CPU.ActiveCfg = Debug|Any CPU
		{93BB4B88-29EB-41F6-B983-D8D64DDE58F7}.Debug|Any CPU.Build.0 = Debug|Any CPU
		{93BB4B88-29EB-41F6-B983-D8D64DDE58F7}.Release|Any CPU.ActiveCfg = Release|Any CPU
		{93BB4B88-29EB-41F6-B983-D8D64DDE58F7}.Release|Any CPU.Build.0 = Release|Any CPU
	EndGlobalSection
	GlobalSection(SolutionProperties) = preSolution
		HideSolutionNode = FALSE
	EndGlobalSection
	GlobalSection(ExtensibilityGlobals) = postSolution
		SolutionGuid = {7EED1EC7-D7C0-4199-95FC-FAD2B08DBABE}
	EndGlobalSection
EndGlobal
